
Microsoft Visual Studio Solution File, Format Version 12.00
# Visual Studio Version 17
VisualStudioVersion = 17.0.31903.59
MinimumVisualStudioVersion = 10.0.40219.1
Project("{2150E333-8FDC-42A3-9474-1A3956D46DE8}") = "identity", "identity", "{2FA89949-C014-61E3-9766-4043502A0423}"
EndProject
Project("{FAE04EC0-301F-11D3-BF4B-00C04F79EFBC}") = "Identity.Api", "identity\Identity.Api\Identity.Api.csproj", "{DC1BA067-9922-4537-B04F-86A49510B599}"
EndProject
Project("{FAE04EC0-301F-11D3-BF4B-00C04F79EFBC}") = "Identity.Application", "identity\Identity.Application\Identity.Application.csproj", "{7295C00A-F70F-4C41-8AD2-366149EEB885}"
EndProject
Project("{FAE04EC0-301F-11D3-BF4B-00C04F79EFBC}") = "Identity.Domain", "identity\Identity.Domain\Identity.Domain.csproj", "{73FFB1A4-DA5B-4E07-9B94-D1E000229AC9}"
EndProject
Project("{FAE04EC0-301F-11D3-BF4B-00C04F79EFBC}") = "Identity.Infrastructure", "identity\Identity.Infrastructure\Identity.Infrastructure.csproj", "{852B8FCC-FA62-4D9F-B406-D28D9EF6CF08}"
EndProject
Project("{FAE04EC0-301F-11D3-BF4B-00C04F79EFBC}") = "Identity.Api.Tests", "identity\Identity.Api.Tests\Identity.Api.Tests.csproj", "{7D2A9B1A-BB5C-4B92-88A1-42D0861E7EA7}"
EndProject
Project("{FAE04EC0-301F-11D3-BF4B-00C04F79EFBC}") = "Properties.Api", "properties\Properties.Api\Properties.Api.csproj", "{969A306F-E38A-4E28-B27B-19AF923A5AA5}"
EndProject
Project("{FAE04EC0-301F-11D3-BF4B-00C04F79EFBC}") = "Properties.Application", "properties\Properties.Application\Properties.Application.csproj", "{D6477453-2F07-4A0B-A8C3-9F71A0A04D41}"
EndProject
Project("{FAE04EC0-301F-11D3-BF4B-00C04F79EFBC}") = "Properties.Domain", "properties\Properties.Domain\Properties.Domain.csproj", "{CCE39D35-6528-4C56-B99A-7FFD248B87BE}"
EndProject
Project("{FAE04EC0-301F-11D3-BF4B-00C04F79EFBC}") = "Properties.Infrastructure", "properties\Properties.Infrastructure\Properties.Infrastructure.csproj", "{483EF36E-503E-4636-9D3A-D9B8B4D30D01}"
EndProject
Project("{FAE04EC0-301F-11D3-BF4B-00C04F79EFBC}") = "Properties.Api.Tests", "properties\Properties.Api.Tests\Properties.Api.Tests.csproj", "{4CF0E664-5CBA-46BF-B356-5F59F1BD7A10}"
EndProject
Project("{FAE04EC0-301F-11D3-BF4B-00C04F79EFBC}") = "Ingestion.Api", "ingestion\Ingestion.Api\Ingestion.Api.csproj", "{9CD1F7B9-C020-4FBA-AF2E-2438FFC8E22C}"
EndProject
Project("{FAE04EC0-301F-11D3-BF4B-00C04F79EFBC}") = "Ingestion.Application", "ingestion\Ingestion.Application\Ingestion.Application.csproj", "{B066312A-064E-4558-925D-C30A82ED935F}"
EndProject
Project("{FAE04EC0-301F-11D3-BF4B-00C04F79EFBC}") = "Ingestion.Infrastructure", "ingestion\Ingestion.Infrastructure\Ingestion.Infrastructure.csproj", "{BB10DC74-D0AE-4D0E-A279-7563C5453259}"
EndProject
Project("{FAE04EC0-301F-11D3-BF4B-00C04F79EFBC}") = "Ingestion.Api.Tests", "ingestion\Ingestion.Api.Tests\Ingestion.Api.Tests.csproj", "{785F94FF-4DDB-4D98-84BC-F4D74FAD691E}"
EndProject
Project("{2150E333-8FDC-42A3-9474-1A3956D46DE8}") = "Ingestion", "Ingestion", "{02EA681E-C7D8-13C7-8484-4AC65E1B71E8}"
EndProject
Project("{2150E333-8FDC-42A3-9474-1A3956D46DE8}") = "Properties", "Properties", "{A97F184C-1D83-4DE6-9A5B-40497256E572}"
EndProject
Project("{2150E333-8FDC-42A3-9474-1A3956D46DE8}") = "analysis", "analysis", "{CBEA8D62-3852-FA3C-D49A-A8497B11A9FF}"
EndProject
Project("{FAE04EC0-301F-11D3-BF4B-00C04F79EFBC}") = "Analysis.Api", "analysis\Analysis.Api\Analysis.Api.csproj", "{F4B68AAB-0C31-445F-BE6E-CB8C494989BD}"
EndProject
Project("{FAE04EC0-301F-11D3-BF4B-00C04F79EFBC}") = "Analysis.Api.Tests", "analysis\Analysis.Api.Tests\Analysis.Api.Tests.csproj", "{A1B2C3D4-E5F6-7890-ABCD-EF1234567890}"
EndProject
Global
	GlobalSection(SolutionConfigurationPlatforms) = preSolution
		Debug|Any CPU = Debug|Any CPU
		Debug|x64 = Debug|x64
		Debug|x86 = Debug|x86
		Release|Any CPU = Release|Any CPU
		Release|x64 = Release|x64
		Release|x86 = Release|x86
	EndGlobalSection
	GlobalSection(ProjectConfigurationPlatforms) = postSolution
		{DC1BA067-9922-4537-B04F-86A49510B599}.Debug|Any CPU.ActiveCfg = Debug|Any CPU
		{DC1BA067-9922-4537-B04F-86A49510B599}.Debug|Any CPU.Build.0 = Debug|Any CPU
		{DC1BA067-9922-4537-B04F-86A49510B599}.Debug|x64.ActiveCfg = Debug|Any CPU
		{DC1BA067-9922-4537-B04F-86A49510B599}.Debug|x64.Build.0 = Debug|Any CPU
		{DC1BA067-9922-4537-B04F-86A49510B599}.Debug|x86.ActiveCfg = Debug|Any CPU
		{DC1BA067-9922-4537-B04F-86A49510B599}.Debug|x86.Build.0 = Debug|Any CPU
		{DC1BA067-9922-4537-B04F-86A49510B599}.Release|Any CPU.ActiveCfg = Release|Any CPU
		{DC1BA067-9922-4537-B04F-86A49510B599}.Release|Any CPU.Build.0 = Release|Any CPU
		{DC1BA067-9922-4537-B04F-86A49510B599}.Release|x64.ActiveCfg = Release|Any CPU
		{DC1BA067-9922-4537-B04F-86A49510B599}.Release|x64.Build.0 = Release|Any CPU
		{DC1BA067-9922-4537-B04F-86A49510B599}.Release|x86.ActiveCfg = Release|Any CPU
		{DC1BA067-9922-4537-B04F-86A49510B599}.Release|x86.Build.0 = Release|Any CPU
		{7295C00A-F70F-4C41-8AD2-366149EEB885}.Debug|Any CPU.ActiveCfg = Debug|Any CPU
		{7295C00A-F70F-4C41-8AD2-366149EEB885}.Debug|Any CPU.Build.0 = Debug|Any CPU
		{7295C00A-F70F-4C41-8AD2-366149EEB885}.Debug|x64.ActiveCfg = Debug|Any CPU
		{7295C00A-F70F-4C41-8AD2-366149EEB885}.Debug|x64.Build.0 = Debug|Any CPU
		{7295C00A-F70F-4C41-8AD2-366149EEB885}.Debug|x86.ActiveCfg = Debug|Any CPU
		{7295C00A-F70F-4C41-8AD2-366149EEB885}.Debug|x86.Build.0 = Debug|Any CPU
		{7295C00A-F70F-4C41-8AD2-366149EEB885}.Release|Any CPU.ActiveCfg = Release|Any CPU
		{7295C00A-F70F-4C41-8AD2-366149EEB885}.Release|Any CPU.Build.0 = Release|Any CPU
		{7295C00A-F70F-4C41-8AD2-366149EEB885}.Release|x64.ActiveCfg = Release|Any CPU
		{7295C00A-F70F-4C41-8AD2-366149EEB885}.Release|x64.Build.0 = Release|Any CPU
		{7295C00A-F70F-4C41-8AD2-366149EEB885}.Release|x86.ActiveCfg = Release|Any CPU
		{7295C00A-F70F-4C41-8AD2-366149EEB885}.Release|x86.Build.0 = Release|Any CPU
		{73FFB1A4-DA5B-4E07-9B94-D1E000229AC9}.Debug|Any CPU.ActiveCfg = Debug|Any CPU
		{73FFB1A4-DA5B-4E07-9B94-D1E000229AC9}.Debug|Any CPU.Build.0 = Debug|Any CPU
		{73FFB1A4-DA5B-4E07-9B94-D1E000229AC9}.Debug|x64.ActiveCfg = Debug|Any CPU
		{73FFB1A4-DA5B-4E07-9B94-D1E000229AC9}.Debug|x64.Build.0 = Debug|Any CPU
		{73FFB1A4-DA5B-4E07-9B94-D1E000229AC9}.Debug|x86.ActiveCfg = Debug|Any CPU
		{73FFB1A4-DA5B-4E07-9B94-D1E000229AC9}.Debug|x86.Build.0 = Debug|Any CPU
		{73FFB1A4-DA5B-4E07-9B94-D1E000229AC9}.Release|Any CPU.ActiveCfg = Release|Any CPU
		{73FFB1A4-DA5B-4E07-9B94-D1E000229AC9}.Release|Any CPU.Build.0 = Release|Any CPU
		{73FFB1A4-DA5B-4E07-9B94-D1E000229AC9}.Release|x64.ActiveCfg = Release|Any CPU
		{73FFB1A4-DA5B-4E07-9B94-D1E000229AC9}.Release|x64.Build.0 = Release|Any CPU
		{73FFB1A4-DA5B-4E07-9B94-D1E000229AC9}.Release|x86.ActiveCfg = Release|Any CPU
		{73FFB1A4-DA5B-4E07-9B94-D1E000229AC9}.Release|x86.Build.0 = Release|Any CPU
		{852B8FCC-FA62-4D9F-B406-D28D9EF6CF08}.Debug|Any CPU.ActiveCfg = Debug|Any CPU
		{852B8FCC-FA62-4D9F-B406-D28D9EF6CF08}.Debug|Any CPU.Build.0 = Debug|Any CPU
		{852B8FCC-FA62-4D9F-B406-D28D9EF6CF08}.Debug|x64.ActiveCfg = Debug|Any CPU
		{852B8FCC-FA62-4D9F-B406-D28D9EF6CF08}.Debug|x64.Build.0 = Debug|Any CPU
		{852B8FCC-FA62-4D9F-B406-D28D9EF6CF08}.Debug|x86.ActiveCfg = Debug|Any CPU
		{852B8FCC-FA62-4D9F-B406-D28D9EF6CF08}.Debug|x86.Build.0 = Debug|Any CPU
		{852B8FCC-FA62-4D9F-B406-D28D9EF6CF08}.Release|Any CPU.ActiveCfg = Release|Any CPU
		{852B8FCC-FA62-4D9F-B406-D28D9EF6CF08}.Release|Any CPU.Build.0 = Release|Any CPU
		{852B8FCC-FA62-4D9F-B406-D28D9EF6CF08}.Release|x64.ActiveCfg = Release|Any CPU
		{852B8FCC-FA62-4D9F-B406-D28D9EF6CF08}.Release|x64.Build.0 = Release|Any CPU
		{852B8FCC-FA62-4D9F-B406-D28D9EF6CF08}.Release|x86.ActiveCfg = Release|Any CPU
		{852B8FCC-FA62-4D9F-B406-D28D9EF6CF08}.Release|x86.Build.0 = Release|Any CPU
		{7D2A9B1A-BB5C-4B92-88A1-42D0861E7EA7}.Debug|Any CPU.ActiveCfg = Debug|Any CPU
		{7D2A9B1A-BB5C-4B92-88A1-42D0861E7EA7}.Debug|Any CPU.Build.0 = Debug|Any CPU
		{7D2A9B1A-BB5C-4B92-88A1-42D0861E7EA7}.Debug|x64.ActiveCfg = Debug|Any CPU
		{7D2A9B1A-BB5C-4B92-88A1-42D0861E7EA7}.Debug|x64.Build.0 = Debug|Any CPU
		{7D2A9B1A-BB5C-4B92-88A1-42D0861E7EA7}.Debug|x86.ActiveCfg = Debug|Any CPU
		{7D2A9B1A-BB5C-4B92-88A1-42D0861E7EA7}.Debug|x86.Build.0 = Debug|Any CPU
		{7D2A9B1A-BB5C-4B92-88A1-42D0861E7EA7}.Release|Any CPU.ActiveCfg = Release|Any CPU
		{7D2A9B1A-BB5C-4B92-88A1-42D0861E7EA7}.Release|Any CPU.Build.0 = Release|Any CPU
		{7D2A9B1A-BB5C-4B92-88A1-42D0861E7EA7}.Release|x64.ActiveCfg = Release|Any CPU
		{7D2A9B1A-BB5C-4B92-88A1-42D0861E7EA7}.Release|x64.Build.0 = Release|Any CPU
		{7D2A9B1A-BB5C-4B92-88A1-42D0861E7EA7}.Release|x86.ActiveCfg = Release|Any CPU
		{7D2A9B1A-BB5C-4B92-88A1-42D0861E7EA7}.Release|x86.Build.0 = Release|Any CPU
		{969A306F-E38A-4E28-B27B-19AF923A5AA5}.Debug|Any CPU.ActiveCfg = Debug|Any CPU
		{969A306F-E38A-4E28-B27B-19AF923A5AA5}.Debug|Any CPU.Build.0 = Debug|Any CPU
		{969A306F-E38A-4E28-B27B-19AF923A5AA5}.Debug|x64.ActiveCfg = Debug|Any CPU
		{969A306F-E38A-4E28-B27B-19AF923A5AA5}.Debug|x64.Build.0 = Debug|Any CPU
		{969A306F-E38A-4E28-B27B-19AF923A5AA5}.Debug|x86.ActiveCfg = Debug|Any CPU
		{969A306F-E38A-4E28-B27B-19AF923A5AA5}.Debug|x86.Build.0 = Debug|Any CPU
		{969A306F-E38A-4E28-B27B-19AF923A5AA5}.Release|Any CPU.ActiveCfg = Release|Any CPU
		{969A306F-E38A-4E28-B27B-19AF923A5AA5}.Release|Any CPU.Build.0 = Release|Any CPU
		{969A306F-E38A-4E28-B27B-19AF923A5AA5}.Release|x64.ActiveCfg = Release|Any CPU
		{969A306F-E38A-4E28-B27B-19AF923A5AA5}.Release|x64.Build.0 = Release|Any CPU
		{969A306F-E38A-4E28-B27B-19AF923A5AA5}.Release|x86.ActiveCfg = Release|Any CPU
		{969A306F-E38A-4E28-B27B-19AF923A5AA5}.Release|x86.Build.0 = Release|Any CPU
		{D6477453-2F07-4A0B-A8C3-9F71A0A04D41}.Debug|Any CPU.ActiveCfg = Debug|Any CPU
		{D6477453-2F07-4A0B-A8C3-9F71A0A04D41}.Debug|Any CPU.Build.0 = Debug|Any CPU
		{D6477453-2F07-4A0B-A8C3-9F71A0A04D41}.Debug|x64.ActiveCfg = Debug|Any CPU
		{D6477453-2F07-4A0B-A8C3-9F71A0A04D41}.Debug|x64.Build.0 = Debug|Any CPU
		{D6477453-2F07-4A0B-A8C3-9F71A0A04D41}.Debug|x86.ActiveCfg = Debug|Any CPU
		{D6477453-2F07-4A0B-A8C3-9F71A0A04D41}.Debug|x86.Build.0 = Debug|Any CPU
		{D6477453-2F07-4A0B-A8C3-9F71A0A04D41}.Release|Any CPU.ActiveCfg = Release|Any CPU
		{D6477453-2F07-4A0B-A8C3-9F71A0A04D41}.Release|Any CPU.Build.0 = Release|Any CPU
		{D6477453-2F07-4A0B-A8C3-9F71A0A04D41}.Release|x64.ActiveCfg = Release|Any CPU
		{D6477453-2F07-4A0B-A8C3-9F71A0A04D41}.Release|x64.Build.0 = Release|Any CPU
		{D6477453-2F07-4A0B-A8C3-9F71A0A04D41}.Release|x86.ActiveCfg = Release|Any CPU
		{D6477453-2F07-4A0B-A8C3-9F71A0A04D41}.Release|x86.Build.0 = Release|Any CPU
		{CCE39D35-6528-4C56-B99A-7FFD248B87BE}.Debug|Any CPU.ActiveCfg = Debug|Any CPU
		{CCE39D35-6528-4C56-B99A-7FFD248B87BE}.Debug|Any CPU.Build.0 = Debug|Any CPU
		{CCE39D35-6528-4C56-B99A-7FFD248B87BE}.Debug|x64.ActiveCfg = Debug|Any CPU
		{CCE39D35-6528-4C56-B99A-7FFD248B87BE}.Debug|x64.Build.0 = Debug|Any CPU
		{CCE39D35-6528-4C56-B99A-7FFD248B87BE}.Debug|x86.ActiveCfg = Debug|Any CPU
		{CCE39D35-6528-4C56-B99A-7FFD248B87BE}.Debug|x86.Build.0 = Debug|Any CPU
		{CCE39D35-6528-4C56-B99A-7FFD248B87BE}.Release|Any CPU.ActiveCfg = Release|Any CPU
		{CCE39D35-6528-4C56-B99A-7FFD248B87BE}.Release|Any CPU.Build.0 = Release|Any CPU
		{CCE39D35-6528-4C56-B99A-7FFD248B87BE}.Release|x64.ActiveCfg = Release|Any CPU
		{CCE39D35-6528-4C56-B99A-7FFD248B87BE}.Release|x64.Build.0 = Release|Any CPU
		{CCE39D35-6528-4C56-B99A-7FFD248B87BE}.Release|x86.ActiveCfg = Release|Any CPU
		{CCE39D35-6528-4C56-B99A-7FFD248B87BE}.Release|x86.Build.0 = Release|Any CPU
		{483EF36E-503E-4636-9D3A-D9B8B4D30D01}.Debug|Any CPU.ActiveCfg = Debug|Any CPU
		{483EF36E-503E-4636-9D3A-D9B8B4D30D01}.Debug|Any CPU.Build.0 = Debug|Any CPU
		{483EF36E-503E-4636-9D3A-D9B8B4D30D01}.Debug|x64.ActiveCfg = Debug|Any CPU
		{483EF36E-503E-4636-9D3A-D9B8B4D30D01}.Debug|x64.Build.0 = Debug|Any CPU
		{483EF36E-503E-4636-9D3A-D9B8B4D30D01}.Debug|x86.ActiveCfg = Debug|Any CPU
		{483EF36E-503E-4636-9D3A-D9B8B4D30D01}.Debug|x86.Build.0 = Debug|Any CPU
		{483EF36E-503E-4636-9D3A-D9B8B4D30D01}.Release|Any CPU.ActiveCfg = Release|Any CPU
		{483EF36E-503E-4636-9D3A-D9B8B4D30D01}.Release|Any CPU.Build.0 = Release|Any CPU
		{483EF36E-503E-4636-9D3A-D9B8B4D30D01}.Release|x64.ActiveCfg = Release|Any CPU
		{483EF36E-503E-4636-9D3A-D9B8B4D30D01}.Release|x64.Build.0 = Release|Any CPU
		{483EF36E-503E-4636-9D3A-D9B8B4D30D01}.Release|x86.ActiveCfg = Release|Any CPU
		{483EF36E-503E-4636-9D3A-D9B8B4D30D01}.Release|x86.Build.0 = Release|Any CPU
		{4CF0E664-5CBA-46BF-B356-5F59F1BD7A10}.Debug|Any CPU.ActiveCfg = Debug|Any CPU
		{4CF0E664-5CBA-46BF-B356-5F59F1BD7A10}.Debug|Any CPU.Build.0 = Debug|Any CPU
		{4CF0E664-5CBA-46BF-B356-5F59F1BD7A10}.Debug|x64.ActiveCfg = Debug|Any CPU
		{4CF0E664-5CBA-46BF-B356-5F59F1BD7A10}.Debug|x64.Build.0 = Debug|Any CPU
		{4CF0E664-5CBA-46BF-B356-5F59F1BD7A10}.Debug|x86.ActiveCfg = Debug|Any CPU
		{4CF0E664-5CBA-46BF-B356-5F59F1BD7A10}.Debug|x86.Build.0 = Debug|Any CPU
		{4CF0E664-5CBA-46BF-B356-5F59F1BD7A10}.Release|Any CPU.ActiveCfg = Release|Any CPU
		{4CF0E664-5CBA-46BF-B356-5F59F1BD7A10}.Release|Any CPU.Build.0 = Release|Any CPU
		{4CF0E664-5CBA-46BF-B356-5F59F1BD7A10}.Release|x64.ActiveCfg = Release|Any CPU
		{4CF0E664-5CBA-46BF-B356-5F59F1BD7A10}.Release|x64.Build.0 = Release|Any CPU
		{4CF0E664-5CBA-46BF-B356-5F59F1BD7A10}.Release|x86.ActiveCfg = Release|Any CPU
		{4CF0E664-5CBA-46BF-B356-5F59F1BD7A10}.Release|x86.Build.0 = Release|Any CPU
		{9CD1F7B9-C020-4FBA-AF2E-2438FFC8E22C}.Debug|Any CPU.ActiveCfg = Debug|Any CPU
		{9CD1F7B9-C020-4FBA-AF2E-2438FFC8E22C}.Debug|Any CPU.Build.0 = Debug|Any CPU
		{9CD1F7B9-C020-4FBA-AF2E-2438FFC8E22C}.Debug|x64.ActiveCfg = Debug|Any CPU
		{9CD1F7B9-C020-4FBA-AF2E-2438FFC8E22C}.Debug|x64.Build.0 = Debug|Any CPU
		{9CD1F7B9-C020-4FBA-AF2E-2438FFC8E22C}.Debug|x86.ActiveCfg = Debug|Any CPU
		{9CD1F7B9-C020-4FBA-AF2E-2438FFC8E22C}.Debug|x86.Build.0 = Debug|Any CPU
		{9CD1F7B9-C020-4FBA-AF2E-2438FFC8E22C}.Release|Any CPU.ActiveCfg = Release|Any CPU
		{9CD1F7B9-C020-4FBA-AF2E-2438FFC8E22C}.Release|Any CPU.Build.0 = Release|Any CPU
		{9CD1F7B9-C020-4FBA-AF2E-2438FFC8E22C}.Release|x64.ActiveCfg = Release|Any CPU
		{9CD1F7B9-C020-4FBA-AF2E-2438FFC8E22C}.Release|x64.Build.0 = Release|Any CPU
		{9CD1F7B9-C020-4FBA-AF2E-2438FFC8E22C}.Release|x86.ActiveCfg = Release|Any CPU
		{9CD1F7B9-C020-4FBA-AF2E-2438FFC8E22C}.Release|x86.Build.0 = Release|Any CPU
		{B066312A-064E-4558-925D-C30A82ED935F}.Debug|Any CPU.ActiveCfg = Debug|Any CPU
		{B066312A-064E-4558-925D-C30A82ED935F}.Debug|Any CPU.Build.0 = Debug|Any CPU
		{B066312A-064E-4558-925D-C30A82ED935F}.Debug|x64.ActiveCfg = Debug|Any CPU
		{B066312A-064E-4558-925D-C30A82ED935F}.Debug|x64.Build.0 = Debug|Any CPU
		{B066312A-064E-4558-925D-C30A82ED935F}.Debug|x86.ActiveCfg = Debug|Any CPU
		{B066312A-064E-4558-925D-C30A82ED935F}.Debug|x86.Build.0 = Debug|Any CPU
		{B066312A-064E-4558-925D-C30A82ED935F}.Release|Any CPU.ActiveCfg = Release|Any CPU
		{B066312A-064E-4558-925D-C30A82ED935F}.Release|Any CPU.Build.0 = Release|Any CPU
		{B066312A-064E-4558-925D-C30A82ED935F}.Release|x64.ActiveCfg = Release|Any CPU
		{B066312A-064E-4558-925D-C30A82ED935F}.Release|x64.Build.0 = Release|Any CPU
		{B066312A-064E-4558-925D-C30A82ED935F}.Release|x86.ActiveCfg = Release|Any CPU
		{B066312A-064E-4558-925D-C30A82ED935F}.Release|x86.Build.0 = Release|Any CPU
		{BB10DC74-D0AE-4D0E-A279-7563C5453259}.Debug|Any CPU.ActiveCfg = Debug|Any CPU
		{BB10DC74-D0AE-4D0E-A279-7563C5453259}.Debug|Any CPU.Build.0 = Debug|Any CPU
		{BB10DC74-D0AE-4D0E-A279-7563C5453259}.Debug|x64.ActiveCfg = Debug|Any CPU
		{BB10DC74-D0AE-4D0E-A279-7563C5453259}.Debug|x64.Build.0 = Debug|Any CPU
		{BB10DC74-D0AE-4D0E-A279-7563C5453259}.Debug|x86.ActiveCfg = Debug|Any CPU
		{BB10DC74-D0AE-4D0E-A279-7563C5453259}.Debug|x86.Build.0 = Debug|Any CPU
		{BB10DC74-D0AE-4D0E-A279-7563C5453259}.Release|Any CPU.ActiveCfg = Release|Any CPU
		{BB10DC74-D0AE-4D0E-A279-7563C5453259}.Release|Any CPU.Build.0 = Release|Any CPU
		{BB10DC74-D0AE-4D0E-A279-7563C5453259}.Release|x64.ActiveCfg = Release|Any CPU
		{BB10DC74-D0AE-4D0E-A279-7563C5453259}.Release|x64.Build.0 = Release|Any CPU
		{BB10DC74-D0AE-4D0E-A279-7563C5453259}.Release|x86.ActiveCfg = Release|Any CPU
		{BB10DC74-D0AE-4D0E-A279-7563C5453259}.Release|x86.Build.0 = Release|Any CPU
		{785F94FF-4DDB-4D98-84BC-F4D74FAD691E}.Debug|Any CPU.ActiveCfg = Debug|Any CPU
		{785F94FF-4DDB-4D98-84BC-F4D74FAD691E}.Debug|Any CPU.Build.0 = Debug|Any CPU
		{785F94FF-4DDB-4D98-84BC-F4D74FAD691E}.Debug|x64.ActiveCfg = Debug|Any CPU
		{785F94FF-4DDB-4D98-84BC-F4D74FAD691E}.Debug|x64.Build.0 = Debug|Any CPU
		{785F94FF-4DDB-4D98-84BC-F4D74FAD691E}.Debug|x86.ActiveCfg = Debug|Any CPU
		{785F94FF-4DDB-4D98-84BC-F4D74FAD691E}.Debug|x86.Build.0 = Debug|Any CPU
		{785F94FF-4DDB-4D98-84BC-F4D74FAD691E}.Release|Any CPU.ActiveCfg = Release|Any CPU
		{785F94FF-4DDB-4D98-84BC-F4D74FAD691E}.Release|Any CPU.Build.0 = Release|Any CPU
		{785F94FF-4DDB-4D98-84BC-F4D74FAD691E}.Release|x64.ActiveCfg = Release|Any CPU
		{785F94FF-4DDB-4D98-84BC-F4D74FAD691E}.Release|x64.Build.0 = Release|Any CPU
		{785F94FF-4DDB-4D98-84BC-F4D74FAD691E}.Release|x86.ActiveCfg = Release|Any CPU
		{785F94FF-4DDB-4D98-84BC-F4D74FAD691E}.Release|x86.Build.0 = Release|Any CPU
		{F4B68AAB-0C31-445F-BE6E-CB8C494989BD}.Debug|Any CPU.ActiveCfg = Debug|Any CPU
		{F4B68AAB-0C31-445F-BE6E-CB8C494989BD}.Debug|Any CPU.Build.0 = Debug|Any CPU
		{F4B68AAB-0C31-445F-BE6E-CB8C494989BD}.Debug|x64.ActiveCfg = Debug|Any CPU
		{F4B68AAB-0C31-445F-BE6E-CB8C494989BD}.Debug|x64.Build.0 = Debug|Any CPU
		{F4B68AAB-0C31-445F-BE6E-CB8C494989BD}.Debug|x86.ActiveCfg = Debug|Any CPU
		{F4B68AAB-0C31-445F-BE6E-CB8C494989BD}.Debug|x86.Build.0 = Debug|Any CPU
		{F4B68AAB-0C31-445F-BE6E-CB8C494989BD}.Release|Any CPU.ActiveCfg = Release|Any CPU
		{F4B68AAB-0C31-445F-BE6E-CB8C494989BD}.Release|Any CPU.Build.0 = Release|Any CPU
		{F4B68AAB-0C31-445F-BE6E-CB8C494989BD}.Release|x64.ActiveCfg = Release|Any CPU
		{F4B68AAB-0C31-445F-BE6E-CB8C494989BD}.Release|x64.Build.0 = Release|Any CPU
		{F4B68AAB-0C31-445F-BE6E-CB8C494989BD}.Release|x86.ActiveCfg = Release|Any CPU
		{F4B68AAB-0C31-445F-BE6E-CB8C494989BD}.Release|x86.Build.0 = Release|Any CPU
		{A1B2C3D4-E5F6-7890-ABCD-EF1234567890}.Debug|Any CPU.ActiveCfg = Debug|Any CPU
		{A1B2C3D4-E5F6-7890-ABCD-EF1234567890}.Debug|Any CPU.Build.0 = Debug|Any CPU
		{A1B2C3D4-E5F6-7890-ABCD-EF1234567890}.Debug|x64.ActiveCfg = Debug|Any CPU
		{A1B2C3D4-E5F6-7890-ABCD-EF1234567890}.Debug|x64.Build.0 = Debug|Any CPU
		{A1B2C3D4-E5F6-7890-ABCD-EF1234567890}.Debug|x86.ActiveCfg = Debug|Any CPU
		{A1B2C3D4-E5F6-7890-ABCD-EF1234567890}.Debug|x86.Build.0 = Debug|Any CPU
		{A1B2C3D4-E5F6-7890-ABCD-EF1234567890}.Release|Any CPU.ActiveCfg = Release|Any CPU
		{A1B2C3D4-E5F6-7890-ABCD-EF1234567890}.Release|Any CPU.Build.0 = Release|Any CPU
		{A1B2C3D4-E5F6-7890-ABCD-EF1234567890}.Release|x64.ActiveCfg = Release|Any CPU
		{A1B2C3D4-E5F6-7890-ABCD-EF1234567890}.Release|x64.Build.0 = Release|Any CPU
		{A1B2C3D4-E5F6-7890-ABCD-EF1234567890}.Release|x86.ActiveCfg = Release|Any CPU
		{A1B2C3D4-E5F6-7890-ABCD-EF1234567890}.Release|x86.Build.0 = Release|Any CPU
	EndGlobalSection
	GlobalSection(SolutionProperties) = preSolution
		HideSolutionNode = FALSE
	EndGlobalSection
	GlobalSection(NestedProjects) = preSolution
		{DC1BA067-9922-4537-B04F-86A49510B599} = {2FA89949-C014-61E3-9766-4043502A0423}
		{7295C00A-F70F-4C41-8AD2-366149EEB885} = {2FA89949-C014-61E3-9766-4043502A0423}
		{73FFB1A4-DA5B-4E07-9B94-D1E000229AC9} = {2FA89949-C014-61E3-9766-4043502A0423}
		{852B8FCC-FA62-4D9F-B406-D28D9EF6CF08} = {2FA89949-C014-61E3-9766-4043502A0423}
		{7D2A9B1A-BB5C-4B92-88A1-42D0861E7EA7} = {2FA89949-C014-61E3-9766-4043502A0423}
		{969A306F-E38A-4E28-B27B-19AF923A5AA5} = {A97F184C-1D83-4DE6-9A5B-40497256E572}
		{D6477453-2F07-4A0B-A8C3-9F71A0A04D41} = {A97F184C-1D83-4DE6-9A5B-40497256E572}
		{CCE39D35-6528-4C56-B99A-7FFD248B87BE} = {A97F184C-1D83-4DE6-9A5B-40497256E572}
		{483EF36E-503E-4636-9D3A-D9B8B4D30D01} = {A97F184C-1D83-4DE6-9A5B-40497256E572}
		{4CF0E664-5CBA-46BF-B356-5F59F1BD7A10} = {A97F184C-1D83-4DE6-9A5B-40497256E572}
		{9CD1F7B9-C020-4FBA-AF2E-2438FFC8E22C} = {02EA681E-C7D8-13C7-8484-4AC65E1B71E8}
		{B066312A-064E-4558-925D-C30A82ED935F} = {02EA681E-C7D8-13C7-8484-4AC65E1B71E8}
		{BB10DC74-D0AE-4D0E-A279-7563C5453259} = {02EA681E-C7D8-13C7-8484-4AC65E1B71E8}
		{785F94FF-4DDB-4D98-84BC-F4D74FAD691E} = {02EA681E-C7D8-13C7-8484-4AC65E1B71E8}
		{F4B68AAB-0C31-445F-BE6E-CB8C494989BD} = {CBEA8D62-3852-FA3C-D49A-A8497B11A9FF}
		{A1B2C3D4-E5F6-7890-ABCD-EF1234567890} = {CBEA8D62-3852-FA3C-D49A-A8497B11A9FF}
	EndGlobalSection
EndGlobal
